// !$*UTF8*$!
{
	archiveVersion = 1;
	classes = {
	};
	objectVersion = 46;
	objects = {

/* Begin PBXBuildFile section */
		A59E08811B184C940049B75A /* AppDelegate.swift in Sources */ = {isa = PBXBuildFile; fileRef = A59E08801B184C940049B75A /* AppDelegate.swift */; };
		A59E08831B184C940049B75A /* ViewController.swift in Sources */ = {isa = PBXBuildFile; fileRef = A59E08821B184C940049B75A /* ViewController.swift */; };
		A59E08861B184C940049B75A /* Main.storyboard in Resources */ = {isa = PBXBuildFile; fileRef = A59E08841B184C940049B75A /* Main.storyboard */; };
		A59E08881B184C940049B75A /* Images.xcassets in Resources */ = {isa = PBXBuildFile; fileRef = A59E08871B184C940049B75A /* Images.xcassets */; };
		A59E088B1B184C940049B75A /* LaunchScreen.xib in Resources */ = {isa = PBXBuildFile; fileRef = A59E08891B184C940049B75A /* LaunchScreen.xib */; };
		A59E08971B184C940049B75A /* RatingsTests.swift in Sources */ = {isa = PBXBuildFile; fileRef = A59E08961B184C940049B75A /* RatingsTests.swift */; };
/* End PBXBuildFile section */

/* Begin PBXContainerItemProxy section */
		A59E08911B184C940049B75A /* PBXContainerItemProxy */ = {
			isa = PBXContainerItemProxy;
			containerPortal = A59E08731B184C940049B75A /* Project object */;
			proxyType = 1;
			remoteGlobalIDString = A59E087A1B184C940049B75A;
			remoteInfo = Ratings;
		};
/* End PBXContainerItemProxy section */

/* Begin PBXFileReference section */
		A59E087B1B184C940049B75A /* Ratings.app */ = {isa = PBXFileReference; explicitFileType = wrapper.application; includeInIndex = 0; path = Ratings.app; sourceTree = BUILT_PRODUCTS_DIR; };
		A59E087F1B184C940049B75A /* Info.plist */ = {isa = PBXFileReference; lastKnownFileType = text.plist.xml; path = Info.plist; sourceTree = "<group>"; };
		A59E08801B184C940049B75A /* AppDelegate.swift */ = {isa = PBXFileReference; lastKnownFileType = sourcecode.swift; path = AppDelegate.swift; sourceTree = "<group>"; };
		A59E08821B184C940049B75A /* ViewController.swift */ = {isa = PBXFileReference; lastKnownFileType = sourcecode.swift; path = ViewController.swift; sourceTree = "<group>"; };
		A59E08851B184C940049B75A /* Base */ = {isa = PBXFileReference; lastKnownFileType = file.storyboard; name = Base; path = Base.lproj/Main.storyboard; sourceTree = "<group>"; };
		A59E08871B184C940049B75A /* Images.xcassets */ = {isa = PBXFileReference; lastKnownFileType = folder.assetcatalog; path = Images.xcassets; sourceTree = "<group>"; };
		A59E088A1B184C940049B75A /* Base */ = {isa = PBXFileReference; lastKnownFileType = file.xib; name = Base; path = Base.lproj/LaunchScreen.xib; sourceTree = "<group>"; };
		A59E08901B184C940049B75A /* RatingsTests.xctest */ = {isa = PBXFileReference; explicitFileType = wrapper.cfbundle; includeInIndex = 0; path = RatingsTests.xctest; sourceTree = BUILT_PRODUCTS_DIR; };
		A59E08951B184C940049B75A /* Info.plist */ = {isa = PBXFileReference; lastKnownFileType = text.plist.xml; path = Info.plist; sourceTree = "<group>"; };
		A59E08961B184C940049B75A /* RatingsTests.swift */ = {isa = PBXFileReference; lastKnownFileType = sourcecode.swift; path = RatingsTests.swift; sourceTree = "<group>"; };
/* End PBXFileReference section */

/* Begin PBXFrameworksBuildPhase section */
		A59E08781B184C940049B75A /* Frameworks */ = {
			isa = PBXFrameworksBuildPhase;
			buildActionMask = 2147483647;
			files = (
			);
			runOnlyForDeploymentPostprocessing = 0;
		};
		A59E088D1B184C940049B75A /* Frameworks */ = {
			isa = PBXFrameworksBuildPhase;
			buildActionMask = 2147483647;
			files = (
			);
			runOnlyForDeploymentPostprocessing = 0;
		};
/* End PBXFrameworksBuildPhase section */

/* Begin PBXGroup section */
		A59E08721B184C940049B75A = {
			isa = PBXGroup;
			children = (
				A59E087D1B184C940049B75A /* Ratings */,
				A59E08931B184C940049B75A /* RatingsTests */,
				A59E087C1B184C940049B75A /* Products */,
			);
			sourceTree = "<group>";
		};
		A59E087C1B184C940049B75A /* Products */ = {
			isa = PBXGroup;
			children = (
				A59E087B1B184C940049B75A /* Ratings.app */,
				A59E08901B184C940049B75A /* RatingsTests.xctest */,
			);
			name = Products;
			sourceTree = "<group>";
		};
		A59E087D1B184C940049B75A /* Ratings */ = {
			isa = PBXGroup;
			children = (
				A59E08801B184C940049B75A /* AppDelegate.swift */,
				A59E08821B184C940049B75A /* ViewController.swift */,
				A59E08841B184C940049B75A /* Main.storyboard */,
				A59E08871B184C940049B75A /* Images.xcassets */,
				A59E08891B184C940049B75A /* LaunchScreen.xib */,
				A59E087E1B184C940049B75A /* Supporting Files */,
			);
			path = Ratings;
			sourceTree = "<group>";
		};
		A59E087E1B184C940049B75A /* Supporting Files */ = {
			isa = PBXGroup;
			children = (
				A59E087F1B184C940049B75A /* Info.plist */,
			);
			name = "Supporting Files";
			sourceTree = "<group>";
		};
		A59E08931B184C940049B75A /* RatingsTests */ = {
			isa = PBXGroup;
			children = (
				A59E08961B184C940049B75A /* RatingsTests.swift */,
				A59E08941B184C940049B75A /* Supporting Files */,
			);
			path = RatingsTests;
			sourceTree = "<group>";
		};
		A59E08941B184C940049B75A /* Supporting Files */ = {
			isa = PBXGroup;
			children = (
				A59E08951B184C940049B75A /* Info.plist */,
			);
			name = "Supporting Files";
			sourceTree = "<group>";
		};
/* End PBXGroup section */

/* Begin PBXNativeTarget section */
		A59E087A1B184C940049B75A /* Ratings */ = {
			isa = PBXNativeTarget;
			buildConfigurationList = A59E089A1B184C940049B75A /* Build configuration list for PBXNativeTarget "Ratings" */;
			buildPhases = (
				A59E08771B184C940049B75A /* Sources */,
				A59E08781B184C940049B75A /* Frameworks */,
				A59E08791B184C940049B75A /* Resources */,
			);
			buildRules = (
			);
			dependencies = (
			);
			name = Ratings;
			productName = Ratings;
			productReference = A59E087B1B184C940049B75A /* Ratings.app */;
			productType = "com.apple.product-type.application";
		};
		A59E088F1B184C940049B75A /* RatingsTests */ = {
			isa = PBXNativeTarget;
			buildConfigurationList = A59E089D1B184C940049B75A /* Build configuration list for PBXNativeTarget "RatingsTests" */;
			buildPhases = (
				A59E088C1B184C940049B75A /* Sources */,
				A59E088D1B184C940049B75A /* Frameworks */,
				A59E088E1B184C940049B75A /* Resources */,
			);
			buildRules = (
			);
			dependencies = (
				A59E08921B184C940049B75A /* PBXTargetDependency */,
			);
			name = RatingsTests;
			productName = RatingsTests;
			productReference = A59E08901B184C940049B75A /* RatingsTests.xctest */;
			productType = "com.apple.product-type.bundle.unit-test";
		};
/* End PBXNativeTarget section */

/* Begin PBXProject section */
		A59E08731B184C940049B75A /* Project object */ = {
			isa = PBXProject;
			attributes = {
				LastUpgradeCheck = 0630;
				ORGANIZATIONNAME = Kupal;
				TargetAttributes = {
					A59E087A1B184C940049B75A = {
						CreatedOnToolsVersion = 6.3.1;
					};
					A59E088F1B184C940049B75A = {
						CreatedOnToolsVersion = 6.3.1;
						TestTargetID = A59E087A1B184C940049B75A;
					};
				};
			};
			buildConfigurationList = A59E08761B184C940049B75A /* Build configuration list for PBXProject "Ratings" */;
			compatibilityVersion = "Xcode 3.2";
			developmentRegion = English;
			hasScannedForEncodings = 0;
			knownRegions = (
				en,
				Base,
			);
			mainGroup = A59E08721B184C940049B75A;
			productRefGroup = A59E087C1B184C940049B75A /* Products */;
			projectDirPath = "";
			projectRoot = "";
			targets = (
				A59E087A1B184C940049B75A /* Ratings */,
				A59E088F1B184C940049B75A /* RatingsTests */,
			);
		};
/* End PBXProject section */

/* Begin PBXResourcesBuildPhase section */
		A59E08791B184C940049B75A /* Resources */ = {
			isa = PBXResourcesBuildPhase;
			buildActionMask = 2147483647;
			files = (
				A59E08861B184C940049B75A /* Main.storyboard in Resources */,
				A59E088B1B184C940049B75A /* LaunchScreen.xib in Resources */,
				A59E08881B184C940049B75A /* Images.xcassets in Resources */,
			);
			runOnlyForDeploymentPostprocessing = 0;
		};
		A59E088E1B184C940049B75A /* Resources */ = {
			isa = PBXResourcesBuildPhase;
			buildActionMask = 2147483647;
			files = (
			);
			runOnlyForDeploymentPostprocessing = 0;
		};
/* End PBXResourcesBuildPhase section */

/* Begin PBXSourcesBuildPhase section */
		A59E08771B184C940049B75A /* Sources */ = {
			isa = PBXSourcesBuildPhase;
			buildActionMask = 2147483647;
			files = (
				A59E08831B184C940049B75A /* ViewController.swift in Sources */,
				A59E08811B184C940049B75A /* AppDelegate.swift in Sources */,
			);
			runOnlyForDeploymentPostprocessing = 0;
		};
		A59E088C1B184C940049B75A /* Sources */ = {
			isa = PBXSourcesBuildPhase;
			buildActionMask = 2147483647;
			files = (
				A59E08971B184C940049B75A /* RatingsTests.swift in Sources */,
			);
			runOnlyForDeploymentPostprocessing = 0;
		};
/* End PBXSourcesBuildPhase section */

/* Begin PBXTargetDependency section */
		A59E08921B184C940049B75A /* PBXTargetDependency */ = {
			isa = PBXTargetDependency;
			target = A59E087A1B184C940049B75A /* Ratings */;
			targetProxy = A59E08911B184C940049B75A /* PBXContainerItemProxy */;
		};
/* End PBXTargetDependency section */

/* Begin PBXVariantGroup section */
		A59E08841B184C940049B75A /* Main.storyboard */ = {
			isa = PBXVariantGroup;
			children = (
				A59E08851B184C940049B75A /* Base */,
			);
			name = Main.storyboard;
			sourceTree = "<group>";
		};
		A59E08891B184C940049B75A /* LaunchScreen.xib */ = {
			isa = PBXVariantGroup;
			children = (
				A59E088A1B184C940049B75A /* Base */,
			);
			name = LaunchScreen.xib;
			sourceTree = "<group>";
		};
/* End PBXVariantGroup section */

/* Begin XCBuildConfiguration section */
		A59E08981B184C940049B75A /* Debug */ = {
			isa = XCBuildConfiguration;
			buildSettings = {
				ALWAYS_SEARCH_USER_PATHS = NO;
				CLANG_CXX_LANGUAGE_STANDARD = "gnu++0x";
				CLANG_CXX_LIBRARY = "libc++";
				CLANG_ENABLE_MODULES = YES;
				CLANG_ENABLE_OBJC_ARC = YES;
				CLANG_WARN_BOOL_CONVERSION = YES;
				CLANG_WARN_CONSTANT_CONVERSION = YES;
				CLANG_WARN_DIRECT_OBJC_ISA_USAGE = YES_ERROR;
				CLANG_WARN_EMPTY_BODY = YES;
				CLANG_WARN_ENUM_CONVERSION = YES;
				CLANG_WARN_INT_CONVERSION = YES;
				CLANG_WARN_OBJC_ROOT_CLASS = YES_ERROR;
				CLANG_WARN_UNREACHABLE_CODE = YES;
				CLANG_WARN__DUPLICATE_METHOD_MATCH = YES;
				"CODE_SIGN_IDENTITY[sdk=iphoneos*]" = "iPhone Developer";
				COPY_PHASE_STRIP = NO;
				DEBUG_INFORMATION_FORMAT = "dwarf-with-dsym";
				ENABLE_STRICT_OBJC_MSGSEND = YES;
				GCC_C_LANGUAGE_STANDARD = gnu99;
				GCC_DYNAMIC_NO_PIC = NO;
				GCC_NO_COMMON_BLOCKS = YES;
				GCC_OPTIMIZATION_LEVEL = 0;
				GCC_PREPROCESSOR_DEFINITIONS = (
					"DEBUG=1",
					"$(inherited)",
				);
				GCC_SYMBOLS_PRIVATE_EXTERN = NO;
				GCC_WARN_64_TO_32_BIT_CONVERSION = YES;
				GCC_WARN_ABOUT_RETURN_TYPE = YES_ERROR;
				GCC_WARN_UNDECLARED_SELECTOR = YES;
				GCC_WARN_UNINITIALIZED_AUTOS = YES_AGGRESSIVE;
				GCC_WARN_UNUSED_FUNCTION = YES;
				GCC_WARN_UNUSED_VARIABLE = YES;
				IPHONEOS_DEPLOYMENT_TARGET = 8.3;
				MTL_ENABLE_DEBUG_INFO = YES;
				ONLY_ACTIVE_ARCH = YES;
				SDKROOT = iphoneos;
				SWIFT_OPTIMIZATION_LEVEL = "-Onone";
			};
			name = Debug;
		};
		A59E08991B184C940049B75A /* Release */ = {
			isa = XCBuildConfiguration;
			buildSettings = {
				ALWAYS_SEARCH_USER_PATHS = NO;
				CLANG_CXX_LANGUAGE_STANDARD = "gnu++0x";
				CLANG_CXX_LIBRARY = "libc++";
				CLANG_ENABLE_MODULES = YES;
				CLANG_ENABLE_OBJC_ARC = YES;
				CLANG_WARN_BOOL_CONVERSION = YES;
				CLANG_WARN_CONSTANT_CONVERSION = YES;
				CLANG_WARN_DIRECT_OBJC_ISA_USAGE = YES_ERROR;
				CLANG_WARN_EMPTY_BODY = YES;
				CLANG_WARN_ENUM_CONVERSION = YES;
				CLANG_WARN_INT_CONVERSION = YES;
				CLANG_WARN_OBJC_ROOT_CLASS = YES_ERROR;
				CLANG_WARN_UNREACHABLE_CODE = YES;
				CLANG_WARN__DUPLICATE_METHOD_MATCH = YES;
				"CODE_SIGN_IDENTITY[sdk=iphoneos*]" = "iPhone Developer";
				COPY_PHASE_STRIP = NO;
				DEBUG_INFORMATION_FORMAT = "dwarf-with-dsym";
				ENABLE_NS_ASSERTIONS = NO;
				ENABLE_STRICT_OBJC_MSGSEND = YES;
				GCC_C_LANGUAGE_STANDARD = gnu99;
				GCC_NO_COMMON_BLOCKS = YES;
				GCC_WARN_64_TO_32_BIT_CONVERSION = YES;
				GCC_WARN_ABOUT_RETURN_TYPE = YES_ERROR;
				GCC_WARN_UNDECLARED_SELECTOR = YES;
				GCC_WARN_UNINITIALIZED_AUTOS = YES_AGGRESSIVE;
				GCC_WARN_UNUSED_FUNCTION = YES;
				GCC_WARN_UNUSED_VARIABLE = YES;
				IPHONEOS_DEPLOYMENT_TARGET = 8.3;
				MTL_ENABLE_DEBUG_INFO = NO;
				SDKROOT = iphoneos;
				VALIDATE_PRODUCT = YES;
			};
			name = Release;
		};
		A59E089B1B184C940049B75A /* Debug */ = {
			isa = XCBuildConfiguration;
			buildSettings = {
				ASSETCATALOG_COMPILER_APPICON_NAME = AppIcon;
				INFOPLIST_FILE = Ratings/Info.plist;
				LD_RUNPATH_SEARCH_PATHS = "$(inherited) @executable_path/Frameworks";
				PRODUCT_NAME = "$(TARGET_NAME)";
			};
			name = Debug;
		};
		A59E089C1B184C940049B75A /* Release */ = {
			isa = XCBuildConfiguration;
			buildSettings = {
				ASSETCATALOG_COMPILER_APPICON_NAME = AppIcon;
				INFOPLIST_FILE = Ratings/Info.plist;
				LD_RUNPATH_SEARCH_PATHS = "$(inherited) @executable_path/Frameworks";
				PRODUCT_NAME = "$(TARGET_NAME)";
			};
			name = Release;
		};
		A59E089E1B184C940049B75A /* Debug */ = {
			isa = XCBuildConfiguration;
			buildSettings = {
				BUNDLE_LOADER = "$(TEST_HOST)";
				FRAMEWORK_SEARCH_PATHS = (
					"$(SDKROOT)/Developer/Library/Frameworks",
					"$(inherited)",
				);
				GCC_PREPROCESSOR_DEFINITIONS = (
					"DEBUG=1",
					"$(inherited)",
				);
				INFOPLIST_FILE = RatingsTests/Info.plist;
				LD_RUNPATH_SEARCH_PATHS = "$(inherited) @executable_path/Frameworks @loader_path/Frameworks";
				PRODUCT_NAME = "$(TARGET_NAME)";
				TEST_HOST = "$(BUILT_PRODUCTS_DIR)/Ratings.app/Ratings";
			};
			name = Debug;
		};
		A59E089F1B184C940049B75A /* Release */ = {
			isa = XCBuildConfiguration;
			buildSettings = {
				BUNDLE_LOADER = "$(TEST_HOST)";
				FRAMEWORK_SEARCH_PATHS = (
					"$(SDKROOT)/Developer/Library/Frameworks",
					"$(inherited)",
				);
				INFOPLIST_FILE = RatingsTests/Info.plist;
				LD_RUNPATH_SEARCH_PATHS = "$(inherited) @executable_path/Frameworks @loader_path/Frameworks";
				PRODUCT_NAME = "$(TARGET_NAME)";
				TEST_HOST = "$(BUILT_PRODUCTS_DIR)/Ratings.app/Ratings";
			};
			name = Release;
		};
/* End XCBuildConfiguration section */

/* Begin XCConfigurationList section */
		A59E08761B184C940049B75A /* Build configuration list for PBXProject "Ratings" */ = {
			isa = XCConfigurationList;
			buildConfigurations = (
				A59E08981B184C940049B75A /* Debug */,
				A59E08991B184C940049B75A /* Release */,
			);
			defaultConfigurationIsVisible = 0;
			defaultConfigurationName = Release;
		};
		A59E089A1B184C940049B75A /* Build configuration list for PBXNativeTarget "Ratings" */ = {
			isa = XCConfigurationList;
			buildConfigurations = (
				A59E089B1B184C940049B75A /* Debug */,
				A59E089C1B184C940049B75A /* Release */,
			);
			defaultConfigurationIsVisible = 0;
		};
		A59E089D1B184C940049B75A /* Build configuration list for PBXNativeTarget "RatingsTests" */ = {
			isa = XCConfigurationList;
			buildConfigurations = (
				A59E089E1B184C940049B75A /* Debug */,
				A59E089F1B184C940049B75A /* Release */,
			);
			defaultConfigurationIsVisible = 0;
		};
/* End XCConfigurationList section */
	};
	rootObject = A59E08731B184C940049B75A /* Project object */;
}
